// !$*UTF8*$!
{
	archiveVersion = 1;
	classes = {
	};
	objectVersion = 56;
	objects = {

/* Begin PBXBuildFile section */
		067E9B66C6C754A7F35C6C67 /* Pods_Sign_In_Options_Example.framework in Frameworks */ = {isa = PBXBuildFile; fileRef = D631B52D34405FBB768F028C /* Pods_Sign_In_Options_Example.framework */; };
		A2446F492C44A8E6006B5A0B /* AppDelegate.swift in Sources */ = {isa = PBXBuildFile; fileRef = A2446F3B2C44A8E3006B5A0B /* AppDelegate.swift */; };
		A2446F4C2C44A8E6006B5A0B /* MedicalDeviceRow.swift in Sources */ = {isa = PBXBuildFile; fileRef = A2446F3E2C44A8E4006B5A0B /* MedicalDeviceRow.swift */; };
		A2446F4D2C44A8E6006B5A0B /* MedicalDevice.swift in Sources */ = {isa = PBXBuildFile; fileRef = A2446F3F2C44A8E4006B5A0B /* MedicalDevice.swift */; };
		A2446F4F2C44A8E6006B5A0B /* MedicalDeviceViewModel.swift in Sources */ = {isa = PBXBuildFile; fileRef = A2446F412C44A8E4006B5A0B /* MedicalDeviceViewModel.swift */; };
		A2446F502C44A8E6006B5A0B /* ContentView.swift in Sources */ = {isa = PBXBuildFile; fileRef = A2446F422C44A8E5006B5A0B /* ContentView.swift */; };
		A2446F512C44A8E6006B5A0B /* MedicalDeviceApp.swift in Sources */ = {isa = PBXBuildFile; fileRef = A2446F432C44A8E5006B5A0B /* MedicalDeviceApp.swift */; };
		A2446F542C44A8E6006B5A0B /* Color+Extensions.swift in Sources */ = {isa = PBXBuildFile; fileRef = A2446F462C44A8E5006B5A0B /* Color+Extensions.swift */; };
		A24B6BBD2C6CA33D00833C13 /* UserEntity.swift in Sources */ = {isa = PBXBuildFile; fileRef = A24B6BBC2C6CA33D00833C13 /* UserEntity.swift */; };
		A24B6BBF2C6CA39600833C13 /* DeviceEntity.swift in Sources */ = {isa = PBXBuildFile; fileRef = A24B6BBE2C6CA39600833C13 /* DeviceEntity.swift */; };
		A24B6BC12C6CA3AE00833C13 /* HealthkitEntity.swift in Sources */ = {isa = PBXBuildFile; fileRef = A24B6BC02C6CA3AE00833C13 /* HealthkitEntity.swift */; };
		A24B6BC32C6CA3D300833C13 /* MeasurementEntity.swift in Sources */ = {isa = PBXBuildFile; fileRef = A24B6BC22C6CA3D300833C13 /* MeasurementEntity.swift */; };
		A24B6BD62C6DCF9200833C13 /* LocalData.xcdatamodeld in Sources */ = {isa = PBXBuildFile; fileRef = A2C753922C6C84DF00492B60 /* LocalData.xcdatamodeld */; };
		A296AD622C44F53900AF5531 /* BLEManager.swift in Sources */ = {isa = PBXBuildFile; fileRef = A296AD612C44F53900AF5531 /* BLEManager.swift */; };
		A2C753962C6C94B400492B60 /* Persistence.swift in Sources */ = {isa = PBXBuildFile; fileRef = A2C753952C6C94B400492B60 /* Persistence.swift */; };
		A2E15C4B2C6DD60400AE4C41 /* CoredataTest.swift in Sources */ = {isa = PBXBuildFile; fileRef = A2E15C4A2C6DD60400AE4C41 /* CoredataTest.swift */; };
		A2E15C502C6DF0FB00AE4C41 /* DeviceDetailView.swift in Sources */ = {isa = PBXBuildFile; fileRef = A2E15C4F2C6DF0FB00AE4C41 /* DeviceDetailView.swift */; };
		A2E15C522C6E08E200AE4C41 /* UserDevice.swift in Sources */ = {isa = PBXBuildFile; fileRef = A2E15C512C6E08E200AE4C41 /* UserDevice.swift */; };
		A2E15C542C6E092400AE4C41 /* UserDeviceViewModel.swift in Sources */ = {isa = PBXBuildFile; fileRef = A2E15C532C6E092400AE4C41 /* UserDeviceViewModel.swift */; };
		A2E15C562C6E094600AE4C41 /* UserDeviceInfoView.swift in Sources */ = {isa = PBXBuildFile; fileRef = A2E15C552C6E094600AE4C41 /* UserDeviceInfoView.swift */; };
		F438AAB42AAB9EFA0045C331 /* Assets.xcassets in Resources */ = {isa = PBXBuildFile; fileRef = F438AAB32AAB9EFA0045C331 /* Assets.xcassets */; };
		F438AAB72AAB9EFA0045C331 /* Preview Assets.xcassets in Resources */ = {isa = PBXBuildFile; fileRef = F438AAB62AAB9EFA0045C331 /* Preview Assets.xcassets */; };
		F47757B52AB3D23E00F2A339 /* GoogleService-Info.plist in Resources */ = {isa = PBXBuildFile; fileRef = F47757B42AB3D23E00F2A339 /* GoogleService-Info.plist */; };
/* End PBXBuildFile section */

/* Begin PBXFileReference section */
		9B47771A4E751CD9DAED6E6C /* Pods-Sign In Options Example.debug.xcconfig */ = {isa = PBXFileReference; includeInIndex = 1; lastKnownFileType = text.xcconfig; name = "Pods-Sign In Options Example.debug.xcconfig"; path = "Target Support Files/Pods-Sign In Options Example/Pods-Sign In Options Example.debug.xcconfig"; sourceTree = "<group>"; };
		A2446F3A2C44A8E1006B5A0B /* Sign In Options Example-Bridging-Header.h */ = {isa = PBXFileReference; lastKnownFileType = sourcecode.c.h; path = "Sign In Options Example-Bridging-Header.h"; sourceTree = "<group>"; };
		A2446F3B2C44A8E3006B5A0B /* AppDelegate.swift */ = {isa = PBXFileReference; fileEncoding = 4; lastKnownFileType = sourcecode.swift; path = AppDelegate.swift; sourceTree = "<group>"; };
		A2446F3E2C44A8E4006B5A0B /* MedicalDeviceRow.swift */ = {isa = PBXFileReference; fileEncoding = 4; lastKnownFileType = sourcecode.swift; path = MedicalDeviceRow.swift; sourceTree = "<group>"; };
		A2446F3F2C44A8E4006B5A0B /* MedicalDevice.swift */ = {isa = PBXFileReference; fileEncoding = 4; lastKnownFileType = sourcecode.swift; path = MedicalDevice.swift; sourceTree = "<group>"; };
		A2446F412C44A8E4006B5A0B /* MedicalDeviceViewModel.swift */ = {isa = PBXFileReference; fileEncoding = 4; lastKnownFileType = sourcecode.swift; path = MedicalDeviceViewModel.swift; sourceTree = "<group>"; };
		A2446F422C44A8E5006B5A0B /* ContentView.swift */ = {isa = PBXFileReference; fileEncoding = 4; lastKnownFileType = sourcecode.swift; path = ContentView.swift; sourceTree = "<group>"; };
		A2446F432C44A8E5006B5A0B /* MedicalDeviceApp.swift */ = {isa = PBXFileReference; fileEncoding = 4; lastKnownFileType = sourcecode.swift; path = MedicalDeviceApp.swift; sourceTree = "<group>"; };
		A2446F462C44A8E5006B5A0B /* Color+Extensions.swift */ = {isa = PBXFileReference; fileEncoding = 4; lastKnownFileType = sourcecode.swift; path = "Color+Extensions.swift"; sourceTree = "<group>"; };
		A24B6BBC2C6CA33D00833C13 /* UserEntity.swift */ = {isa = PBXFileReference; lastKnownFileType = sourcecode.swift; path = UserEntity.swift; sourceTree = "<group>"; };
		A24B6BBE2C6CA39600833C13 /* DeviceEntity.swift */ = {isa = PBXFileReference; lastKnownFileType = sourcecode.swift; path = DeviceEntity.swift; sourceTree = "<group>"; };
		A24B6BC02C6CA3AE00833C13 /* HealthkitEntity.swift */ = {isa = PBXFileReference; lastKnownFileType = sourcecode.swift; path = HealthkitEntity.swift; sourceTree = "<group>"; };
		A24B6BC22C6CA3D300833C13 /* MeasurementEntity.swift */ = {isa = PBXFileReference; lastKnownFileType = sourcecode.swift; path = MeasurementEntity.swift; sourceTree = "<group>"; };
		A296AD612C44F53900AF5531 /* BLEManager.swift */ = {isa = PBXFileReference; lastKnownFileType = sourcecode.swift; path = BLEManager.swift; sourceTree = "<group>"; };
		A2C753932C6C84DF00492B60 /* LocalData.xcdatamodel */ = {isa = PBXFileReference; lastKnownFileType = wrapper.xcdatamodel; path = LocalData.xcdatamodel; sourceTree = "<group>"; };
		A2C753952C6C94B400492B60 /* Persistence.swift */ = {isa = PBXFileReference; lastKnownFileType = sourcecode.swift; path = Persistence.swift; sourceTree = "<group>"; };
		A2E15C4A2C6DD60400AE4C41 /* CoredataTest.swift */ = {isa = PBXFileReference; lastKnownFileType = sourcecode.swift; path = CoredataTest.swift; sourceTree = "<group>"; };
		A2E15C4F2C6DF0FB00AE4C41 /* DeviceDetailView.swift */ = {isa = PBXFileReference; lastKnownFileType = sourcecode.swift; path = DeviceDetailView.swift; sourceTree = "<group>"; };
		A2E15C512C6E08E200AE4C41 /* UserDevice.swift */ = {isa = PBXFileReference; lastKnownFileType = sourcecode.swift; path = UserDevice.swift; sourceTree = "<group>"; };
		A2E15C532C6E092400AE4C41 /* UserDeviceViewModel.swift */ = {isa = PBXFileReference; lastKnownFileType = sourcecode.swift; path = UserDeviceViewModel.swift; sourceTree = "<group>"; };
		A2E15C552C6E094600AE4C41 /* UserDeviceInfoView.swift */ = {isa = PBXFileReference; lastKnownFileType = sourcecode.swift; path = UserDeviceInfoView.swift; sourceTree = "<group>"; };
		D631B52D34405FBB768F028C /* Pods_Sign_In_Options_Example.framework */ = {isa = PBXFileReference; explicitFileType = wrapper.framework; includeInIndex = 0; path = Pods_Sign_In_Options_Example.framework; sourceTree = BUILT_PRODUCTS_DIR; };
		F438AAAC2AAB9EF20045C331 /* Sign In Options Example.app */ = {isa = PBXFileReference; explicitFileType = wrapper.application; includeInIndex = 0; path = "Sign In Options Example.app"; sourceTree = BUILT_PRODUCTS_DIR; };
		F438AAB32AAB9EFA0045C331 /* Assets.xcassets */ = {isa = PBXFileReference; lastKnownFileType = folder.assetcatalog; path = Assets.xcassets; sourceTree = "<group>"; };
		F438AAB62AAB9EFA0045C331 /* Preview Assets.xcassets */ = {isa = PBXFileReference; lastKnownFileType = folder.assetcatalog; path = "Preview Assets.xcassets"; sourceTree = "<group>"; };
		F443A5C72AAFBCEC00590C82 /* Sign-In-Options-Example-Info.plist */ = {isa = PBXFileReference; lastKnownFileType = text.plist; path = "Sign-In-Options-Example-Info.plist"; sourceTree = SOURCE_ROOT; };
		F443A5CC2AB1526E00590C82 /* Sign In Options Example.entitlements */ = {isa = PBXFileReference; lastKnownFileType = text.plist.entitlements; path = "Sign In Options Example.entitlements"; sourceTree = "<group>"; };
		F47757B42AB3D23E00F2A339 /* GoogleService-Info.plist */ = {isa = PBXFileReference; fileEncoding = 4; lastKnownFileType = text.plist.xml; path = "GoogleService-Info.plist"; sourceTree = "<group>"; };
		FB40F03A4B3495520204CF9B /* Pods-Sign In Options Example.release.xcconfig */ = {isa = PBXFileReference; includeInIndex = 1; lastKnownFileType = text.xcconfig; name = "Pods-Sign In Options Example.release.xcconfig"; path = "Target Support Files/Pods-Sign In Options Example/Pods-Sign In Options Example.release.xcconfig"; sourceTree = "<group>"; };
/* End PBXFileReference section */

/* Begin PBXFrameworksBuildPhase section */
		F438AAA92AAB9EF20045C331 /* Frameworks */ = {
			isa = PBXFrameworksBuildPhase;
			buildActionMask = 2147483647;
			files = (
				067E9B66C6C754A7F35C6C67 /* Pods_Sign_In_Options_Example.framework in Frameworks */,
			);
			runOnlyForDeploymentPostprocessing = 0;
		};
/* End PBXFrameworksBuildPhase section */

/* Begin PBXGroup section */
		0A5123E73B213E0B12A96580 /* Pods */ = {
			isa = PBXGroup;
			children = (
				9B47771A4E751CD9DAED6E6C /* Pods-Sign In Options Example.debug.xcconfig */,
				FB40F03A4B3495520204CF9B /* Pods-Sign In Options Example.release.xcconfig */,
			);
			path = Pods;
			sourceTree = "<group>";
		};
		17AB6807352598BBD1059DF9 /* Frameworks */ = {
			isa = PBXGroup;
			children = (
				D631B52D34405FBB768F028C /* Pods_Sign_In_Options_Example.framework */,
			);
			name = Frameworks;
			sourceTree = "<group>";
		};
		F438AAA32AAB9EF20045C331 = {
			isa = PBXGroup;
			children = (
				F438AAAE2AAB9EF20045C331 /* Sign In Options Example */,
				F438AAAD2AAB9EF20045C331 /* Products */,
				0A5123E73B213E0B12A96580 /* Pods */,
				17AB6807352598BBD1059DF9 /* Frameworks */,
			);
			sourceTree = "<group>";
		};
		F438AAAD2AAB9EF20045C331 /* Products */ = {
			isa = PBXGroup;
			children = (
				F438AAAC2AAB9EF20045C331 /* Sign In Options Example.app */,
			);
			name = Products;
			sourceTree = "<group>";
		};
		F438AAAE2AAB9EF20045C331 /* Sign In Options Example */ = {
			isa = PBXGroup;
			children = (
				A2446F3B2C44A8E3006B5A0B /* AppDelegate.swift */,
				A2446F462C44A8E5006B5A0B /* Color+Extensions.swift */,
				A2446F422C44A8E5006B5A0B /* ContentView.swift */,
				A2446F3F2C44A8E4006B5A0B /* MedicalDevice.swift */,
				A2446F432C44A8E5006B5A0B /* MedicalDeviceApp.swift */,
				A2446F3E2C44A8E4006B5A0B /* MedicalDeviceRow.swift */,
				A2446F412C44A8E4006B5A0B /* MedicalDeviceViewModel.swift */,
				A24B6BBC2C6CA33D00833C13 /* UserEntity.swift */,
				A24B6BBE2C6CA39600833C13 /* DeviceEntity.swift */,
				A24B6BC02C6CA3AE00833C13 /* HealthkitEntity.swift */,
				A24B6BC22C6CA3D300833C13 /* MeasurementEntity.swift */,
				A2C753952C6C94B400492B60 /* Persistence.swift */,
				A296AD612C44F53900AF5531 /* BLEManager.swift */,
				A2E15C4A2C6DD60400AE4C41 /* CoredataTest.swift */,
				A2E15C4F2C6DF0FB00AE4C41 /* DeviceDetailView.swift */,
				F443A5CC2AB1526E00590C82 /* Sign In Options Example.entitlements */,
				F443A5C72AAFBCEC00590C82 /* Sign-In-Options-Example-Info.plist */,
				F438AAB32AAB9EFA0045C331 /* Assets.xcassets */,
				F47757B42AB3D23E00F2A339 /* GoogleService-Info.plist */,
				F438AAB52AAB9EFA0045C331 /* Preview Content */,
				A2446F3A2C44A8E1006B5A0B /* Sign In Options Example-Bridging-Header.h */,
				A2C753922C6C84DF00492B60 /* LocalData.xcdatamodeld */,
				A2E15C512C6E08E200AE4C41 /* UserDevice.swift */,
				A2E15C532C6E092400AE4C41 /* UserDeviceViewModel.swift */,
				A2E15C552C6E094600AE4C41 /* UserDeviceInfoView.swift */,
			);
			path = "Sign In Options Example";
			sourceTree = "<group>";
		};
		F438AAB52AAB9EFA0045C331 /* Preview Content */ = {
			isa = PBXGroup;
			children = (
				F438AAB62AAB9EFA0045C331 /* Preview Assets.xcassets */,
			);
			path = "Preview Content";
			sourceTree = "<group>";
		};
/* End PBXGroup section */

/* Begin PBXNativeTarget section */
		F438AAAB2AAB9EF20045C331 /* Sign In Options Example */ = {
			isa = PBXNativeTarget;
			buildConfigurationList = F438AABA2AAB9EFA0045C331 /* Build configuration list for PBXNativeTarget "Sign In Options Example" */;
			buildPhases = (
				182018815E06EC830D1FFDFE /* [CP] Check Pods Manifest.lock */,
				F438AAA82AAB9EF20045C331 /* Sources */,
				F438AAA92AAB9EF20045C331 /* Frameworks */,
				F438AAAA2AAB9EF20045C331 /* Resources */,
				576F26FB54F945313218DA4C /* [CP] Embed Pods Frameworks */,
			);
			buildRules = (
			);
			dependencies = (
			);
			name = "Sign In Options Example";
			packageProductDependencies = (
			);
			productName = "Sign In Options Example";
			productReference = F438AAAC2AAB9EF20045C331 /* Sign In Options Example.app */;
			productType = "com.apple.product-type.application";
		};
/* End PBXNativeTarget section */

/* Begin PBXProject section */
		F438AAA42AAB9EF20045C331 /* Project object */ = {
			isa = PBXProject;
			attributes = {
				BuildIndependentTargetsInParallel = 1;
				LastSwiftUpdateCheck = 1400;
				LastUpgradeCheck = 1400;
				TargetAttributes = {
					F438AAAB2AAB9EF20045C331 = {
						CreatedOnToolsVersion = 14.0.1;
						LastSwiftMigration = 1540;
					};
				};
			};
			buildConfigurationList = F438AAA72AAB9EF20045C331 /* Build configuration list for PBXProject "Sign In Options Example" */;
			compatibilityVersion = "Xcode 14.0";
			developmentRegion = en;
			hasScannedForEncodings = 0;
			knownRegions = (
				en,
				Base,
			);
			mainGroup = F438AAA32AAB9EF20045C331;
			packageReferences = (
				F438AABF2AABC29E0045C331 /* XCRemoteSwiftPackageReference "firebase-ios-sdk" */,
			);
			productRefGroup = F438AAAD2AAB9EF20045C331 /* Products */;
			projectDirPath = "";
			projectRoot = "";
			targets = (
				F438AAAB2AAB9EF20045C331 /* Sign In Options Example */,
			);
		};
/* End PBXProject section */

/* Begin PBXResourcesBuildPhase section */
		F438AAAA2AAB9EF20045C331 /* Resources */ = {
			isa = PBXResourcesBuildPhase;
			buildActionMask = 2147483647;
			files = (
				F438AAB72AAB9EFA0045C331 /* Preview Assets.xcassets in Resources */,
				F438AAB42AAB9EFA0045C331 /* Assets.xcassets in Resources */,
				F47757B52AB3D23E00F2A339 /* GoogleService-Info.plist in Resources */,
			);
			runOnlyForDeploymentPostprocessing = 0;
		};
/* End PBXResourcesBuildPhase section */

/* Begin PBXShellScriptBuildPhase section */
		182018815E06EC830D1FFDFE /* [CP] Check Pods Manifest.lock */ = {
			isa = PBXShellScriptBuildPhase;
			buildActionMask = 2147483647;
			files = (
			);
			inputFileListPaths = (
			);
			inputPaths = (
				"${PODS_PODFILE_DIR_PATH}/Podfile.lock",
				"${PODS_ROOT}/Manifest.lock",
			);
			name = "[CP] Check Pods Manifest.lock";
			outputFileListPaths = (
			);
			outputPaths = (
				"$(DERIVED_FILE_DIR)/Pods-Sign In Options Example-checkManifestLockResult.txt",
			);
			runOnlyForDeploymentPostprocessing = 0;
			shellPath = /bin/sh;
			shellScript = "diff \"${PODS_PODFILE_DIR_PATH}/Podfile.lock\" \"${PODS_ROOT}/Manifest.lock\" > /dev/null\nif [ $? != 0 ] ; then\n    # print error to STDERR\n    echo \"error: The sandbox is not in sync with the Podfile.lock. Run 'pod install' or update your CocoaPods installation.\" >&2\n    exit 1\nfi\n# This output is used by Xcode 'outputs' to avoid re-running this script phase.\necho \"SUCCESS\" > \"${SCRIPT_OUTPUT_FILE_0}\"\n";
			showEnvVarsInLog = 0;
		};
		576F26FB54F945313218DA4C /* [CP] Embed Pods Frameworks */ = {
			isa = PBXShellScriptBuildPhase;
			buildActionMask = 2147483647;
			files = (
			);
			inputFileListPaths = (
				"${PODS_ROOT}/Target Support Files/Pods-Sign In Options Example/Pods-Sign In Options Example-frameworks-${CONFIGURATION}-input-files.xcfilelist",
			);
			name = "[CP] Embed Pods Frameworks";
			outputFileListPaths = (
				"${PODS_ROOT}/Target Support Files/Pods-Sign In Options Example/Pods-Sign In Options Example-frameworks-${CONFIGURATION}-output-files.xcfilelist",
			);
			runOnlyForDeploymentPostprocessing = 0;
			shellPath = /bin/sh;
			shellScript = "\"${PODS_ROOT}/Target Support Files/Pods-Sign In Options Example/Pods-Sign In Options Example-frameworks.sh\"\n";
			showEnvVarsInLog = 0;
		};
/* End PBXShellScriptBuildPhase section */

/* Begin PBXSourcesBuildPhase section */
		F438AAA82AAB9EF20045C331 /* Sources */ = {
			isa = PBXSourcesBuildPhase;
			buildActionMask = 2147483647;
			files = (
				A24B6BBD2C6CA33D00833C13 /* UserEntity.swift in Sources */,
				A2E15C562C6E094600AE4C41 /* UserDeviceInfoView.swift in Sources */,
				A2E15C542C6E092400AE4C41 /* UserDeviceViewModel.swift in Sources */,
				A24B6BC12C6CA3AE00833C13 /* HealthkitEntity.swift in Sources */,
				A2446F4C2C44A8E6006B5A0B /* MedicalDeviceRow.swift in Sources */,
				A2446F512C44A8E6006B5A0B /* MedicalDeviceApp.swift in Sources */,
				A2446F502C44A8E6006B5A0B /* ContentView.swift in Sources */,
				A2446F4D2C44A8E6006B5A0B /* MedicalDevice.swift in Sources */,
				A2446F4F2C44A8E6006B5A0B /* MedicalDeviceViewModel.swift in Sources */,
				A24B6BD62C6DCF9200833C13 /* LocalData.xcdatamodeld in Sources */,
				A2E15C4B2C6DD60400AE4C41 /* CoredataTest.swift in Sources */,
				A2E15C522C6E08E200AE4C41 /* UserDevice.swift in Sources */,
				A24B6BC32C6CA3D300833C13 /* MeasurementEntity.swift in Sources */,
				A24B6BBF2C6CA39600833C13 /* DeviceEntity.swift in Sources */,
				A2446F492C44A8E6006B5A0B /* AppDelegate.swift in Sources */,
				A296AD622C44F53900AF5531 /* BLEManager.swift in Sources */,
				A2446F542C44A8E6006B5A0B /* Color+Extensions.swift in Sources */,
				A2C753962C6C94B400492B60 /* Persistence.swift in Sources */,
				A2E15C502C6DF0FB00AE4C41 /* DeviceDetailView.swift in Sources */,
			);
			runOnlyForDeploymentPostprocessing = 0;
		};
/* End PBXSourcesBuildPhase section */

/* Begin XCBuildConfiguration section */
		F438AAB82AAB9EFA0045C331 /* Debug */ = {
			isa = XCBuildConfiguration;
			buildSettings = {
				ALWAYS_SEARCH_USER_PATHS = NO;
				CLANG_ANALYZER_NONNULL = YES;
				CLANG_ANALYZER_NUMBER_OBJECT_CONVERSION = YES_AGGRESSIVE;
				CLANG_CXX_LANGUAGE_STANDARD = "gnu++20";
				CLANG_ENABLE_MODULES = YES;
				CLANG_ENABLE_OBJC_ARC = YES;
				CLANG_ENABLE_OBJC_WEAK = YES;
				CLANG_WARN_BLOCK_CAPTURE_AUTORELEASING = YES;
				CLANG_WARN_BOOL_CONVERSION = YES;
				CLANG_WARN_COMMA = YES;
				CLANG_WARN_CONSTANT_CONVERSION = YES;
				CLANG_WARN_DEPRECATED_OBJC_IMPLEMENTATIONS = YES;
				CLANG_WARN_DIRECT_OBJC_ISA_USAGE = YES_ERROR;
				CLANG_WARN_DOCUMENTATION_COMMENTS = YES;
				CLANG_WARN_EMPTY_BODY = YES;
				CLANG_WARN_ENUM_CONVERSION = YES;
				CLANG_WARN_INFINITE_RECURSION = YES;
				CLANG_WARN_INT_CONVERSION = YES;
				CLANG_WARN_NON_LITERAL_NULL_CONVERSION = YES;
				CLANG_WARN_OBJC_IMPLICIT_RETAIN_SELF = YES;
				CLANG_WARN_OBJC_LITERAL_CONVERSION = YES;
				CLANG_WARN_OBJC_ROOT_CLASS = YES_ERROR;
				CLANG_WARN_QUOTED_INCLUDE_IN_FRAMEWORK_HEADER = YES;
				CLANG_WARN_RANGE_LOOP_ANALYSIS = YES;
				CLANG_WARN_STRICT_PROTOTYPES = YES;
				CLANG_WARN_SUSPICIOUS_MOVE = YES;
				CLANG_WARN_UNGUARDED_AVAILABILITY = YES_AGGRESSIVE;
				CLANG_WARN_UNREACHABLE_CODE = YES;
				CLANG_WARN__DUPLICATE_METHOD_MATCH = YES;
				COPY_PHASE_STRIP = NO;
				DEBUG_INFORMATION_FORMAT = dwarf;
				ENABLE_STRICT_OBJC_MSGSEND = YES;
				ENABLE_TESTABILITY = YES;
				GCC_C_LANGUAGE_STANDARD = gnu11;
				GCC_DYNAMIC_NO_PIC = NO;
				GCC_NO_COMMON_BLOCKS = YES;
				GCC_OPTIMIZATION_LEVEL = 0;
				GCC_PREPROCESSOR_DEFINITIONS = (
					"DEBUG=1",
					"$(inherited)",
				);
				GCC_WARN_64_TO_32_BIT_CONVERSION = YES;
				GCC_WARN_ABOUT_RETURN_TYPE = YES_ERROR;
				GCC_WARN_UNDECLARED_SELECTOR = YES;
				GCC_WARN_UNINITIALIZED_AUTOS = YES_AGGRESSIVE;
				GCC_WARN_UNUSED_FUNCTION = YES;
				GCC_WARN_UNUSED_VARIABLE = YES;
				IPHONEOS_DEPLOYMENT_TARGET = 16.0;
				MTL_ENABLE_DEBUG_INFO = INCLUDE_SOURCE;
				MTL_FAST_MATH = YES;
				ONLY_ACTIVE_ARCH = YES;
				SDKROOT = iphoneos;
				SWIFT_ACTIVE_COMPILATION_CONDITIONS = DEBUG;
				SWIFT_OPTIMIZATION_LEVEL = "-Onone";
			};
			name = Debug;
		};
		F438AAB92AAB9EFA0045C331 /* Release */ = {
			isa = XCBuildConfiguration;
			buildSettings = {
				ALWAYS_SEARCH_USER_PATHS = NO;
				CLANG_ANALYZER_NONNULL = YES;
				CLANG_ANALYZER_NUMBER_OBJECT_CONVERSION = YES_AGGRESSIVE;
				CLANG_CXX_LANGUAGE_STANDARD = "gnu++20";
				CLANG_ENABLE_MODULES = YES;
				CLANG_ENABLE_OBJC_ARC = YES;
				CLANG_ENABLE_OBJC_WEAK = YES;
				CLANG_WARN_BLOCK_CAPTURE_AUTORELEASING = YES;
				CLANG_WARN_BOOL_CONVERSION = YES;
				CLANG_WARN_COMMA = YES;
				CLANG_WARN_CONSTANT_CONVERSION = YES;
				CLANG_WARN_DEPRECATED_OBJC_IMPLEMENTATIONS = YES;
				CLANG_WARN_DIRECT_OBJC_ISA_USAGE = YES_ERROR;
				CLANG_WARN_DOCUMENTATION_COMMENTS = YES;
				CLANG_WARN_EMPTY_BODY = YES;
				CLANG_WARN_ENUM_CONVERSION = YES;
				CLANG_WARN_INFINITE_RECURSION = YES;
				CLANG_WARN_INT_CONVERSION = YES;
				CLANG_WARN_NON_LITERAL_NULL_CONVERSION = YES;
				CLANG_WARN_OBJC_IMPLICIT_RETAIN_SELF = YES;
				CLANG_WARN_OBJC_LITERAL_CONVERSION = YES;
				CLANG_WARN_OBJC_ROOT_CLASS = YES_ERROR;
				CLANG_WARN_QUOTED_INCLUDE_IN_FRAMEWORK_HEADER = YES;
				CLANG_WARN_RANGE_LOOP_ANALYSIS = YES;
				CLANG_WARN_STRICT_PROTOTYPES = YES;
				CLANG_WARN_SUSPICIOUS_MOVE = YES;
				CLANG_WARN_UNGUARDED_AVAILABILITY = YES_AGGRESSIVE;
				CLANG_WARN_UNREACHABLE_CODE = YES;
				CLANG_WARN__DUPLICATE_METHOD_MATCH = YES;
				COPY_PHASE_STRIP = NO;
				DEBUG_INFORMATION_FORMAT = "dwarf-with-dsym";
				ENABLE_NS_ASSERTIONS = NO;
				ENABLE_STRICT_OBJC_MSGSEND = YES;
				GCC_C_LANGUAGE_STANDARD = gnu11;
				GCC_NO_COMMON_BLOCKS = YES;
				GCC_WARN_64_TO_32_BIT_CONVERSION = YES;
				GCC_WARN_ABOUT_RETURN_TYPE = YES_ERROR;
				GCC_WARN_UNDECLARED_SELECTOR = YES;
				GCC_WARN_UNINITIALIZED_AUTOS = YES_AGGRESSIVE;
				GCC_WARN_UNUSED_FUNCTION = YES;
				GCC_WARN_UNUSED_VARIABLE = YES;
				IPHONEOS_DEPLOYMENT_TARGET = 16.0;
				MTL_ENABLE_DEBUG_INFO = NO;
				MTL_FAST_MATH = YES;
				SDKROOT = iphoneos;
				SWIFT_COMPILATION_MODE = wholemodule;
				SWIFT_OPTIMIZATION_LEVEL = "-O";
				VALIDATE_PRODUCT = YES;
			};
			name = Release;
		};
		F438AABB2AAB9EFA0045C331 /* Debug */ = {
			isa = XCBuildConfiguration;
			baseConfigurationReference = 9B47771A4E751CD9DAED6E6C /* Pods-Sign In Options Example.debug.xcconfig */;
			buildSettings = {
				ASSETCATALOG_COMPILER_APPICON_NAME = AppIcon;
				ASSETCATALOG_COMPILER_GLOBAL_ACCENT_COLOR_NAME = AccentColor;
				CLANG_ENABLE_MODULES = YES;
				CODE_SIGN_ENTITLEMENTS = "Sign In Options Example/Sign In Options Example.entitlements";
				CODE_SIGN_IDENTITY = "Apple Development";
				CODE_SIGN_STYLE = Automatic;
				CURRENT_PROJECT_VERSION = 1;
				DEVELOPMENT_ASSET_PATHS = "\"Sign In Options Example/Preview Content\"";
				DEVELOPMENT_TEAM = 84V94283J3;
				ENABLE_PREVIEWS = YES;
				GENERATE_INFOPLIST_FILE = YES;
				INFOPLIST_FILE = "Sign-In-Options-Example-Info.plist";
				INFOPLIST_KEY_UIApplicationSceneManifest_Generation = YES;
				INFOPLIST_KEY_UIApplicationSupportsIndirectInputEvents = YES;
				INFOPLIST_KEY_UILaunchScreen_Generation = YES;
				INFOPLIST_KEY_UISupportedInterfaceOrientations_iPad = "UIInterfaceOrientationPortrait UIInterfaceOrientationPortraitUpsideDown UIInterfaceOrientationLandscapeLeft UIInterfaceOrientationLandscapeRight";
				INFOPLIST_KEY_UISupportedInterfaceOrientations_iPhone = "UIInterfaceOrientationPortrait UIInterfaceOrientationLandscapeLeft UIInterfaceOrientationLandscapeRight";
				IPHONEOS_DEPLOYMENT_TARGET = 17.2;
				LD_RUNPATH_SEARCH_PATHS = (
					"$(inherited)",
					"@executable_path/Frameworks",
				);
				MARKETING_VERSION = 1.0;
				PRODUCT_BUNDLE_IDENTIFIER = Cathay.Dev;
				PRODUCT_NAME = "$(TARGET_NAME)";
				PROVISIONING_PROFILE_SPECIFIER = "";
				SWIFT_EMIT_LOC_STRINGS = YES;
				SWIFT_OBJC_BRIDGING_HEADER = "Sign In Options Example/Sign In Options Example-Bridging-Header.h";
				SWIFT_OPTIMIZATION_LEVEL = "-Onone";
				SWIFT_VERSION = 5.0;
				TARGETED_DEVICE_FAMILY = "1,2";
			};
			name = Debug;
		};
		F438AABC2AAB9EFA0045C331 /* Release */ = {
			isa = XCBuildConfiguration;
			baseConfigurationReference = FB40F03A4B3495520204CF9B /* Pods-Sign In Options Example.release.xcconfig */;
			buildSettings = {
				ASSETCATALOG_COMPILER_APPICON_NAME = AppIcon;
				ASSETCATALOG_COMPILER_GLOBAL_ACCENT_COLOR_NAME = AccentColor;
				CLANG_ENABLE_MODULES = YES;
				CODE_SIGN_ENTITLEMENTS = "Sign In Options Example/Sign In Options Example.entitlements";
				CODE_SIGN_IDENTITY = "Apple Development";
				CODE_SIGN_STYLE = Automatic;
				CURRENT_PROJECT_VERSION = 1;
				DEVELOPMENT_ASSET_PATHS = "\"Sign In Options Example/Preview Content\"";
				DEVELOPMENT_TEAM = 84V94283J3;
				ENABLE_PREVIEWS = YES;
				GENERATE_INFOPLIST_FILE = YES;
				INFOPLIST_FILE = "Sign-In-Options-Example-Info.plist";
				INFOPLIST_KEY_UIApplicationSceneManifest_Generation = YES;
				INFOPLIST_KEY_UIApplicationSupportsIndirectInputEvents = YES;
				INFOPLIST_KEY_UILaunchScreen_Generation = YES;
				INFOPLIST_KEY_UISupportedInterfaceOrientations_iPad = "UIInterfaceOrientationPortrait UIInterfaceOrientationPortraitUpsideDown UIInterfaceOrientationLandscapeLeft UIInterfaceOrientationLandscapeRight";
				INFOPLIST_KEY_UISupportedInterfaceOrientations_iPhone = "UIInterfaceOrientationPortrait UIInterfaceOrientationLandscapeLeft UIInterfaceOrientationLandscapeRight";
				IPHONEOS_DEPLOYMENT_TARGET = 17.2;
				LD_RUNPATH_SEARCH_PATHS = (
					"$(inherited)",
					"@executable_path/Frameworks",
				);
				MARKETING_VERSION = 1.0;
				PRODUCT_BUNDLE_IDENTIFIER = Cathay.Dev;
				PRODUCT_NAME = "$(TARGET_NAME)";
				PROVISIONING_PROFILE_SPECIFIER = "";
				SWIFT_EMIT_LOC_STRINGS = YES;
				SWIFT_OBJC_BRIDGING_HEADER = "Sign In Options Example/Sign In Options Example-Bridging-Header.h";
				SWIFT_VERSION = 5.0;
				TARGETED_DEVICE_FAMILY = "1,2";
			};
			name = Release;
		};
/* End XCBuildConfiguration section */

/* Begin XCConfigurationList section */
		F438AAA72AAB9EF20045C331 /* Build configuration list for PBXProject "Sign In Options Example" */ = {
			isa = XCConfigurationList;
			buildConfigurations = (
				F438AAB82AAB9EFA0045C331 /* Debug */,
				F438AAB92AAB9EFA0045C331 /* Release */,
			);
			defaultConfigurationIsVisible = 0;
			defaultConfigurationName = Release;
		};
		F438AABA2AAB9EFA0045C331 /* Build configuration list for PBXNativeTarget "Sign In Options Example" */ = {
			isa = XCConfigurationList;
			buildConfigurations = (
				F438AABB2AAB9EFA0045C331 /* Debug */,
				F438AABC2AAB9EFA0045C331 /* Release */,
			);
			defaultConfigurationIsVisible = 0;
			defaultConfigurationName = Release;
		};
/* End XCConfigurationList section */

/* Begin XCRemoteSwiftPackageReference section */
		F438AABF2AABC29E0045C331 /* XCRemoteSwiftPackageReference "firebase-ios-sdk" */ = {
			isa = XCRemoteSwiftPackageReference;
			repositoryURL = "https://github.com/firebase/firebase-ios-sdk";
			requirement = {
				branch = master;
				kind = branch;
			};
		};
/* End XCRemoteSwiftPackageReference section */

/* Begin XCVersionGroup section */
		A2C753922C6C84DF00492B60 /* LocalData.xcdatamodeld */ = {
			isa = XCVersionGroup;
			children = (
				A2C753932C6C84DF00492B60 /* LocalData.xcdatamodel */,
			);
			currentVersion = A2C753932C6C84DF00492B60 /* LocalData.xcdatamodel */;
			name = LocalData.xcdatamodeld;
			path = "/Users/cfh00892977/FM/Firebase_Realtimedb_0715/Firebase_Realtimedb/Sign In Options Example/LocalData.xcdatamodeld";
			sourceTree = "<group>";
			usesTabs = 0;
			versionGroupType = wrapper.xcdatamodel;
		};
/* End XCVersionGroup section */
	};
	rootObject = F438AAA42AAB9EF20045C331 /* Project object */;
}
